
Microsoft Visual Studio Solution File, Format Version 12.00
# Visual Studio 15
VisualStudioVersion = 15.0.26730.16
MinimumVisualStudioVersion = 10.0.40219.1
Project("{FAE04EC0-301F-11D3-BF4B-00C04F79EFBC}") = "Exam1", "Exam1\Exam1.csproj", "{C544B4F4-4D60-4564-90F7-6F5312B0B912}"
EndProject
Global
	GlobalSection(SolutionConfigurationPlatforms) = preSolution
		Debug|Any CPU = Debug|Any CPU
		Release|Any CPU = Release|Any CPU
	EndGlobalSection
	GlobalSection(ProjectConfigurationPlatforms) = postSolution
		{C544B4F4-4D60-4564-90F7-6F5312B0B912}.Debug|Any CPU.ActiveCfg = Debug|Any CPU
		{C544B4F4-4D60-4564-90F7-6F5312B0B912}.Debug|Any CPU.Build.0 = Debug|Any CPU
		{C544B4F4-4D60-4564-90F7-6F5312B0B912}.Release|Any CPU.ActiveCfg = Release|Any CPU
		{C544B4F4-4D60-4564-90F7-6F5312B0B912}.Release|Any CPU.Build.0 = Release|Any CPU
	EndGlobalSection
	GlobalSection(SolutionProperties) = preSolution
		HideSolutionNode = FALSE
	EndGlobalSection
	GlobalSection(ExtensibilityGlobals) = postSolution
		SolutionGuid = {6031E8AA-5797-485D-8463-0C7B902CF0C5}
	EndGlobalSection
EndGlobal
